
Microsoft Visual Studio Solution File, Format Version 12.00
# Visual Studio Version 17
VisualStudioVersion = 17.3.32922.545
MinimumVisualStudioVersion = 10.0.40219.1
Project("{FAE04EC0-301F-11D3-BF4B-00C04F79EFBC}") = "SampleDataChall", "SampleDataChall\SampleDataChall.csproj", "{33E4EE49-3ED4-42D5-89A5-879994FB459F}"
EndProject
Project("{FAE04EC0-301F-11D3-BF4B-00C04F79EFBC}") = "SampleDataLibrary", "SampleDataLibrary\SampleDataLibrary.csproj", "{3FDE80B2-BEDD-4700-A5E6-3D5E5F6FF906}"
EndProject
Global
	GlobalSection(SolutionConfigurationPlatforms) = preSolution
		Debug|Any CPU = Debug|Any CPU
		Release|Any CPU = Release|Any CPU
	EndGlobalSection
	GlobalSection(ProjectConfigurationPlatforms) = postSolution
		{33E4EE49-3ED4-42D5-89A5-879994FB459F}.Debug|Any CPU.ActiveCfg = Debug|Any CPU
		{33E4EE49-3ED4-42D5-89A5-879994FB459F}.Debug|Any CPU.Build.0 = Debug|Any CPU
		{33E4EE49-3ED4-42D5-89A5-879994FB459F}.Release|Any CPU.ActiveCfg = Release|Any CPU
		{33E4EE49-3ED4-42D5-89A5-879994FB459F}.Release|Any CPU.Build.0 = Release|Any CPU
		{3FDE80B2-BEDD-4700-A5E6-3D5E5F6FF906}.Debug|Any CPU.ActiveCfg = Debug|Any CPU
		{3FDE80B2-BEDD-4700-A5E6-3D5E5F6FF906}.Debug|Any CPU.Build.0 = Debug|Any CPU
		{3FDE80B2-BEDD-4700-A5E6-3D5E5F6FF906}.Release|Any CPU.ActiveCfg = Release|Any CPU
		{3FDE80B2-BEDD-4700-A5E6-3D5E5F6FF906}.Release|Any CPU.Build.0 = Release|Any CPU
	EndGlobalSection
	GlobalSection(SolutionProperties) = preSolution
		HideSolutionNode = FALSE
	EndGlobalSection
	GlobalSection(ExtensibilityGlobals) = postSolution
		SolutionGuid = {37A1001A-9B81-4FB8-A6AF-113E497F61C9}
	EndGlobalSection
EndGlobal
